
Microsoft Visual Studio Solution File, Format Version 12.00
# Visual Studio Version 17
VisualStudioVersion = 17.11.35208.52
MinimumVisualStudioVersion = 10.0.40219.1
Project("{FAE04EC0-301F-11D3-BF4B-00C04F79EFBC}") = "Firstapp", "Firstapp\Firstapp.csproj", "{DAF7D8BF-8EB6-469B-B461-021598904E3E}"
EndProject
Global
	GlobalSection(SolutionConfigurationPlatforms) = preSolution
		Debug|Any CPU = Debug|Any CPU
		Release|Any CPU = Release|Any CPU
	EndGlobalSection
	GlobalSection(ProjectConfigurationPlatforms) = postSolution
		{DAF7D8BF-8EB6-469B-B461-021598904E3E}.Debug|Any CPU.ActiveCfg = Debug|Any CPU
		{DAF7D8BF-8EB6-469B-B461-021598904E3E}.Debug|Any CPU.Build.0 = Debug|Any CPU
		{DAF7D8BF-8EB6-469B-B461-021598904E3E}.Release|Any CPU.ActiveCfg = Release|Any CPU
		{DAF7D8BF-8EB6-469B-B461-021598904E3E}.Release|Any CPU.Build.0 = Release|Any CPU
	EndGlobalSection
	GlobalSection(SolutionProperties) = preSolution
		HideSolutionNode = FALSE
	EndGlobalSection
	GlobalSection(ExtensibilityGlobals) = postSolution
		SolutionGuid = {01FCD4D5-37AC-470A-8870-297D9B35E9D2}
	EndGlobalSection
EndGlobal
